# This file is automatically @generated by Cargo.
# It is not intended for manual editing.
version = 3

[[package]]
name = "cc"
version = "1.0.77"
source = "registry+https://github.com/rust-lang/crates.io-index"
checksum = "e9f73505338f7d905b19d18738976aae232eb46b8efc15554ffc56deb5d9ebe4"

[[package]]
name = "cty"
version = "0.2.2"
source = "registry+https://github.com/rust-lang/crates.io-index"
checksum = "b365fabc795046672053e29c954733ec3b05e4be654ab130fe8f1f94d7051f35"

[[package]]
name = "fs_extra"
version = "1.2.0"
source = "registry+https://github.com/rust-lang/crates.io-index"
checksum = "2022715d62ab30faffd124d40b76f4134a550a87792276512b18d63272333394"

[[package]]
name = "jemalloc-sys-test"
version = "0.1.0"
dependencies = [
 "mimalloc-rust",
 "tikv-jemallocator",
]

[[package]]
name = "libc"
version = "0.2.137"
source = "registry+https://github.com/rust-lang/crates.io-index"
checksum = "fc7fcc620a3bff7cdd7a365be3376c97191aeaccc2a603e600951e452615bf89"

[[package]]
name = "mimalloc-rust"
version = "0.2.0"
source = "registry+https://github.com/rust-lang/crates.io-index"
checksum = "6973866e0bc6504c03a16b6817b7e70839cc8a1dbd5d6dab00c65d8034868d8b"
dependencies = [
 "cty",
 "mimalloc-rust-sys",
]

[[package]]
name = "mimalloc-rust-sys"
version = "1.7.6-source"
source = "registry+https://github.com/rust-lang/crates.io-index"
checksum = "7a50daf45336b979a202a19f53b4b382f2c4bd50f392a8dbdb4c6c56ba5dfa64"
dependencies = [
 "cc",
 "cty",
]

[[package]]
name = "tikv-jemalloc-sys"
version = "0.4.3+5.2.1-patched.2"
source = "registry+https://github.com/rust-lang/crates.io-index"
checksum = "a1792ccb507d955b46af42c123ea8863668fae24d03721e40cad6a41773dbb49"
dependencies = [
 "cc",
 "fs_extra",
 "libc",
]

[[package]]
name = "tikv-jemallocator"
version = "0.4.3"
source = "registry+https://github.com/rust-lang/crates.io-index"
checksum = "a5b7bcecfafe4998587d636f9ae9d55eb9d0499877b88757767c346875067098"
dependencies = [
 "libc",
 "tikv-jemalloc-sys",
]
